
Microsoft Visual Studio Solution File, Format Version 12.00
# Visual Studio Version 17
VisualStudioVersion = 17.14.36429.23 d17.14
MinimumVisualStudioVersion = 10.0.40219.1
Project("{FAE04EC0-301F-11D3-BF4B-00C04F79EFBC}") = "Names", "Names\Names.csproj", "{D172ECE9-D1C6-43B3-A9B0-388C1DC35A6D}"
EndProject
Global
	GlobalSection(SolutionConfigurationPlatforms) = preSolution
		Debug|Any CPU = Debug|Any CPU
		Release|Any CPU = Release|Any CPU
	EndGlobalSection
	GlobalSection(ProjectConfigurationPlatforms) = postSolution
		{D172ECE9-D1C6-43B3-A9B0-388C1DC35A6D}.Debug|Any CPU.ActiveCfg = Debug|Any CPU
		{D172ECE9-D1C6-43B3-A9B0-388C1DC35A6D}.Debug|Any CPU.Build.0 = Debug|Any CPU
		{D172ECE9-D1C6-43B3-A9B0-388C1DC35A6D}.Release|Any CPU.ActiveCfg = Release|Any CPU
		{D172ECE9-D1C6-43B3-A9B0-388C1DC35A6D}.Release|Any CPU.Build.0 = Release|Any CPU
	EndGlobalSection
	GlobalSection(SolutionProperties) = preSolution
		HideSolutionNode = FALSE
	EndGlobalSection
	GlobalSection(ExtensibilityGlobals) = postSolution
		SolutionGuid = {EFC41B55-0425-4A62-93FE-42B3D361FDF8}
	EndGlobalSection
EndGlobal
